// !$*UTF8*$!
{
	archiveVersion = 1;
	classes = {
	};
	objectVersion = 55;
	objects = {

/* Begin PBXBuildFile section */
		14B6F6CD4FCA370E27017EEA /* Pods_Flixter_Swift.framework in Frameworks */ = {isa = PBXBuildFile; fileRef = B9BEA65E464C33FBD6A3E981 /* Pods_Flixter_Swift.framework */; };
		41003FB727D2734400CC70FB /* MovieCell.swift in Sources */ = {isa = PBXBuildFile; fileRef = 41003FB627D2734400CC70FB /* MovieCell.swift */; };
		41003FBA27D2D40400CC70FB /* AlamofireImage in Frameworks */ = {isa = PBXBuildFile; productRef = 41003FB927D2D40400CC70FB /* AlamofireImage */; };
		41003FBC27D2DA0A00CC70FB /* MovieDetailsViewController.swift in Sources */ = {isa = PBXBuildFile; fileRef = 41003FBB27D2DA0A00CC70FB /* MovieDetailsViewController.swift */; };
		41003FBE27D3168100CC70FB /* MovieGridViewController.swift in Sources */ = {isa = PBXBuildFile; fileRef = 41003FBD27D3168100CC70FB /* MovieGridViewController.swift */; };
		41003FC027D31C2C00CC70FB /* MovieGridCell.swift in Sources */ = {isa = PBXBuildFile; fileRef = 41003FBF27D31C2B00CC70FB /* MovieGridCell.swift */; };
		4177435327C97D0F00176528 /* AppDelegate.swift in Sources */ = {isa = PBXBuildFile; fileRef = 4177435227C97D0F00176528 /* AppDelegate.swift */; };
		4177435527C97D0F00176528 /* SceneDelegate.swift in Sources */ = {isa = PBXBuildFile; fileRef = 4177435427C97D0F00176528 /* SceneDelegate.swift */; };
		4177435727C97D0F00176528 /* MoviesViewController.swift in Sources */ = {isa = PBXBuildFile; fileRef = 4177435627C97D0F00176528 /* MoviesViewController.swift */; };
		4177435A27C97D0F00176528 /* Main.storyboard in Resources */ = {isa = PBXBuildFile; fileRef = 4177435827C97D0F00176528 /* Main.storyboard */; };
		4177435C27C97D1200176528 /* Assets.xcassets in Resources */ = {isa = PBXBuildFile; fileRef = 4177435B27C97D1200176528 /* Assets.xcassets */; };
		4177435F27C97D1200176528 /* LaunchScreen.storyboard in Resources */ = {isa = PBXBuildFile; fileRef = 4177435D27C97D1200176528 /* LaunchScreen.storyboard */; };
/* End PBXBuildFile section */

/* Begin PBXFileReference section */
		41003FB627D2734400CC70FB /* MovieCell.swift */ = {isa = PBXFileReference; lastKnownFileType = sourcecode.swift; path = MovieCell.swift; sourceTree = "<group>"; };
		41003FBB27D2DA0A00CC70FB /* MovieDetailsViewController.swift */ = {isa = PBXFileReference; lastKnownFileType = sourcecode.swift; path = MovieDetailsViewController.swift; sourceTree = "<group>"; };
		41003FBD27D3168100CC70FB /* MovieGridViewController.swift */ = {isa = PBXFileReference; lastKnownFileType = sourcecode.swift; path = MovieGridViewController.swift; sourceTree = "<group>"; };
		41003FBF27D31C2B00CC70FB /* MovieGridCell.swift */ = {isa = PBXFileReference; lastKnownFileType = sourcecode.swift; path = MovieGridCell.swift; sourceTree = "<group>"; };
		4177434F27C97D0F00176528 /* Flixter-Swift.app */ = {isa = PBXFileReference; explicitFileType = wrapper.application; includeInIndex = 0; path = "Flixter-Swift.app"; sourceTree = BUILT_PRODUCTS_DIR; };
		4177435227C97D0F00176528 /* AppDelegate.swift */ = {isa = PBXFileReference; lastKnownFileType = sourcecode.swift; path = AppDelegate.swift; sourceTree = "<group>"; };
		4177435427C97D0F00176528 /* SceneDelegate.swift */ = {isa = PBXFileReference; lastKnownFileType = sourcecode.swift; path = SceneDelegate.swift; sourceTree = "<group>"; };
		4177435627C97D0F00176528 /* MoviesViewController.swift */ = {isa = PBXFileReference; lastKnownFileType = sourcecode.swift; path = MoviesViewController.swift; sourceTree = "<group>"; };
		4177435927C97D0F00176528 /* Base */ = {isa = PBXFileReference; lastKnownFileType = file.storyboard; name = Base; path = Base.lproj/Main.storyboard; sourceTree = "<group>"; };
		4177435B27C97D1200176528 /* Assets.xcassets */ = {isa = PBXFileReference; lastKnownFileType = folder.assetcatalog; path = Assets.xcassets; sourceTree = "<group>"; };
		4177435E27C97D1200176528 /* Base */ = {isa = PBXFileReference; lastKnownFileType = file.storyboard; name = Base; path = Base.lproj/LaunchScreen.storyboard; sourceTree = "<group>"; };
		4177436027C97D1200176528 /* Info.plist */ = {isa = PBXFileReference; lastKnownFileType = text.plist.xml; path = Info.plist; sourceTree = "<group>"; };
		679F7C671645B0345B87AD72 /* Pods-Flixter-Swift.release.xcconfig */ = {isa = PBXFileReference; includeInIndex = 1; lastKnownFileType = text.xcconfig; name = "Pods-Flixter-Swift.release.xcconfig"; path = "Target Support Files/Pods-Flixter-Swift/Pods-Flixter-Swift.release.xcconfig"; sourceTree = "<group>"; };
		9BDBFFA865D4C418B9B64198 /* Pods-Flixter-Swift.debug.xcconfig */ = {isa = PBXFileReference; includeInIndex = 1; lastKnownFileType = text.xcconfig; name = "Pods-Flixter-Swift.debug.xcconfig"; path = "Target Support Files/Pods-Flixter-Swift/Pods-Flixter-Swift.debug.xcconfig"; sourceTree = "<group>"; };
		B9BEA65E464C33FBD6A3E981 /* Pods_Flixter_Swift.framework */ = {isa = PBXFileReference; explicitFileType = wrapper.framework; includeInIndex = 0; path = Pods_Flixter_Swift.framework; sourceTree = BUILT_PRODUCTS_DIR; };
/* End PBXFileReference section */

/* Begin PBXFrameworksBuildPhase section */
		4177434C27C97D0F00176528 /* Frameworks */ = {
			isa = PBXFrameworksBuildPhase;
			buildActionMask = 2147483647;
			files = (
				14B6F6CD4FCA370E27017EEA /* Pods_Flixter_Swift.framework in Frameworks */,
				41003FBA27D2D40400CC70FB /* AlamofireImage in Frameworks */,
			);
			runOnlyForDeploymentPostprocessing = 0;
		};
/* End PBXFrameworksBuildPhase section */

/* Begin PBXGroup section */
		4177434627C97D0F00176528 = {
			isa = PBXGroup;
			children = (
				4177435127C97D0F00176528 /* Flixter-Swift */,
				4177435027C97D0F00176528 /* Products */,
				93779796EF918B9357C18E88 /* Pods */,
				C82C4DC494F4276D9ECB6DB4 /* Frameworks */,
			);
			sourceTree = "<group>";
		};
		4177435027C97D0F00176528 /* Products */ = {
			isa = PBXGroup;
			children = (
				4177434F27C97D0F00176528 /* Flixter-Swift.app */,
			);
			name = Products;
			sourceTree = "<group>";
		};
		4177435127C97D0F00176528 /* Flixter-Swift */ = {
			isa = PBXGroup;
			children = (
				4177435227C97D0F00176528 /* AppDelegate.swift */,
				4177435427C97D0F00176528 /* SceneDelegate.swift */,
				4177435627C97D0F00176528 /* MoviesViewController.swift */,
				4177435827C97D0F00176528 /* Main.storyboard */,
				41003FBF27D31C2B00CC70FB /* MovieGridCell.swift */,
				41003FBD27D3168100CC70FB /* MovieGridViewController.swift */,
				41003FBB27D2DA0A00CC70FB /* MovieDetailsViewController.swift */,
				4177435B27C97D1200176528 /* Assets.xcassets */,
				4177435D27C97D1200176528 /* LaunchScreen.storyboard */,
				4177436027C97D1200176528 /* Info.plist */,
				41003FB627D2734400CC70FB /* MovieCell.swift */,
			);
			path = "Flixter-Swift";
			sourceTree = "<group>";
		};
		93779796EF918B9357C18E88 /* Pods */ = {
			isa = PBXGroup;
			children = (
				9BDBFFA865D4C418B9B64198 /* Pods-Flixter-Swift.debug.xcconfig */,
				679F7C671645B0345B87AD72 /* Pods-Flixter-Swift.release.xcconfig */,
			);
			path = Pods;
			sourceTree = "<group>";
		};
		C82C4DC494F4276D9ECB6DB4 /* Frameworks */ = {
			isa = PBXGroup;
			children = (
				B9BEA65E464C33FBD6A3E981 /* Pods_Flixter_Swift.framework */,
			);
			name = Frameworks;
			sourceTree = "<group>";
		};
/* End PBXGroup section */

/* Begin PBXNativeTarget section */
		4177434E27C97D0F00176528 /* Flixter-Swift */ = {
			isa = PBXNativeTarget;
			buildConfigurationList = 4177436327C97D1200176528 /* Build configuration list for PBXNativeTarget "Flixter-Swift" */;
			buildPhases = (
				C33EDA877352DA176B546B17 /* [CP] Check Pods Manifest.lock */,
				4177434B27C97D0F00176528 /* Sources */,
				4177434C27C97D0F00176528 /* Frameworks */,
				4177434D27C97D0F00176528 /* Resources */,
				9789F093AF142E8A4EEB4E82 /* [CP] Embed Pods Frameworks */,
			);
			buildRules = (
			);
			dependencies = (
			);
			name = "Flixter-Swift";
			packageProductDependencies = (
				41003FB927D2D40400CC70FB /* AlamofireImage */,
			);
			productName = "Flixter-Swift";
			productReference = 4177434F27C97D0F00176528 /* Flixter-Swift.app */;
			productType = "com.apple.product-type.application";
		};
/* End PBXNativeTarget section */

/* Begin PBXProject section */
		4177434727C97D0F00176528 /* Project object */ = {
			isa = PBXProject;
			attributes = {
				BuildIndependentTargetsInParallel = 1;
				LastSwiftUpdateCheck = 1320;
				LastUpgradeCheck = 1320;
				TargetAttributes = {
					4177434E27C97D0F00176528 = {
						CreatedOnToolsVersion = 13.2.1;
					};
				};
			};
			buildConfigurationList = 4177434A27C97D0F00176528 /* Build configuration list for PBXProject "Flixter-Swift" */;
			compatibilityVersion = "Xcode 13.0";
			developmentRegion = en;
			hasScannedForEncodings = 0;
			knownRegions = (
				en,
				Base,
			);
			mainGroup = 4177434627C97D0F00176528;
			packageReferences = (
				41003FB827D2D40400CC70FB /* XCRemoteSwiftPackageReference "AlamofireImage" */,
			);
			productRefGroup = 4177435027C97D0F00176528 /* Products */;
			projectDirPath = "";
			projectRoot = "";
			targets = (
				4177434E27C97D0F00176528 /* Flixter-Swift */,
			);
		};
/* End PBXProject section */

/* Begin PBXResourcesBuildPhase section */
		4177434D27C97D0F00176528 /* Resources */ = {
			isa = PBXResourcesBuildPhase;
			buildActionMask = 2147483647;
			files = (
				4177435F27C97D1200176528 /* LaunchScreen.storyboard in Resources */,
				4177435C27C97D1200176528 /* Assets.xcassets in Resources */,
				4177435A27C97D0F00176528 /* Main.storyboard in Resources */,
			);
			runOnlyForDeploymentPostprocessing = 0;
		};
/* End PBXResourcesBuildPhase section */

/* Begin PBXShellScriptBuildPhase section */
		9789F093AF142E8A4EEB4E82 /* [CP] Embed Pods Frameworks */ = {
			isa = PBXShellScriptBuildPhase;
			buildActionMask = 2147483647;
			files = (
			);
			inputFileListPaths = (
				"${PODS_ROOT}/Target Support Files/Pods-Flixter-Swift/Pods-Flixter-Swift-frameworks-${CONFIGURATION}-input-files.xcfilelist",
			);
			name = "[CP] Embed Pods Frameworks";
			outputFileListPaths = (
				"${PODS_ROOT}/Target Support Files/Pods-Flixter-Swift/Pods-Flixter-Swift-frameworks-${CONFIGURATION}-output-files.xcfilelist",
			);
			runOnlyForDeploymentPostprocessing = 0;
			shellPath = /bin/sh;
			shellScript = "\"${PODS_ROOT}/Target Support Files/Pods-Flixter-Swift/Pods-Flixter-Swift-frameworks.sh\"\n";
			showEnvVarsInLog = 0;
		};
		C33EDA877352DA176B546B17 /* [CP] Check Pods Manifest.lock */ = {
			isa = PBXShellScriptBuildPhase;
			buildActionMask = 2147483647;
			files = (
			);
			inputFileListPaths = (
			);
			inputPaths = (
				"${PODS_PODFILE_DIR_PATH}/Podfile.lock",
				"${PODS_ROOT}/Manifest.lock",
			);
			name = "[CP] Check Pods Manifest.lock";
			outputFileListPaths = (
			);
			outputPaths = (
				"$(DERIVED_FILE_DIR)/Pods-Flixter-Swift-checkManifestLockResult.txt",
			);
			runOnlyForDeploymentPostprocessing = 0;
			shellPath = /bin/sh;
			shellScript = "diff \"${PODS_PODFILE_DIR_PATH}/Podfile.lock\" \"${PODS_ROOT}/Manifest.lock\" > /dev/null\nif [ $? != 0 ] ; then\n    # print error to STDERR\n    echo \"error: The sandbox is not in sync with the Podfile.lock. Run 'pod install' or update your CocoaPods installation.\" >&2\n    exit 1\nfi\n# This output is used by Xcode 'outputs' to avoid re-running this script phase.\necho \"SUCCESS\" > \"${SCRIPT_OUTPUT_FILE_0}\"\n";
			showEnvVarsInLog = 0;
		};
/* End PBXShellScriptBuildPhase section */

/* Begin PBXSourcesBuildPhase section */
		4177434B27C97D0F00176528 /* Sources */ = {
			isa = PBXSourcesBuildPhase;
			buildActionMask = 2147483647;
			files = (
				41003FBC27D2DA0A00CC70FB /* MovieDetailsViewController.swift in Sources */,
				4177435727C97D0F00176528 /* MoviesViewController.swift in Sources */,
				4177435327C97D0F00176528 /* AppDelegate.swift in Sources */,
				41003FB727D2734400CC70FB /* MovieCell.swift in Sources */,
				4177435527C97D0F00176528 /* SceneDelegate.swift in Sources */,
				41003FBE27D3168100CC70FB /* MovieGridViewController.swift in Sources */,
				41003FC027D31C2C00CC70FB /* MovieGridCell.swift in Sources */,
			);
			runOnlyForDeploymentPostprocessing = 0;
		};
/* End PBXSourcesBuildPhase section */

/* Begin PBXVariantGroup section */
		4177435827C97D0F00176528 /* Main.storyboard */ = {
			isa = PBXVariantGroup;
			children = (
				4177435927C97D0F00176528 /* Base */,
			);
			name = Main.storyboard;
			sourceTree = "<group>";
		};
		4177435D27C97D1200176528 /* LaunchScreen.storyboard */ = {
			isa = PBXVariantGroup;
			children = (
				4177435E27C97D1200176528 /* Base */,
			);
			name = LaunchScreen.storyboard;
			sourceTree = "<group>";
		};
/* End PBXVariantGroup section */

/* Begin XCBuildConfiguration section */
		4177436127C97D1200176528 /* Debug */ = {
			isa = XCBuildConfiguration;
			buildSettings = {
				ALWAYS_SEARCH_USER_PATHS = NO;
				CLANG_ANALYZER_NONNULL = YES;
				CLANG_ANALYZER_NUMBER_OBJECT_CONVERSION = YES_AGGRESSIVE;
				CLANG_CXX_LANGUAGE_STANDARD = "gnu++17";
				CLANG_CXX_LIBRARY = "libc++";
				CLANG_ENABLE_MODULES = YES;
				CLANG_ENABLE_OBJC_ARC = YES;
				CLANG_ENABLE_OBJC_WEAK = YES;
				CLANG_WARN_BLOCK_CAPTURE_AUTORELEASING = YES;
				CLANG_WARN_BOOL_CONVERSION = YES;
				CLANG_WARN_COMMA = YES;
				CLANG_WARN_CONSTANT_CONVERSION = YES;
				CLANG_WARN_DEPRECATED_OBJC_IMPLEMENTATIONS = YES;
				CLANG_WARN_DIRECT_OBJC_ISA_USAGE = YES_ERROR;
				CLANG_WARN_DOCUMENTATION_COMMENTS = YES;
				CLANG_WARN_EMPTY_BODY = YES;
				CLANG_WARN_ENUM_CONVERSION = YES;
				CLANG_WARN_INFINITE_RECURSION = YES;
				CLANG_WARN_INT_CONVERSION = YES;
				CLANG_WARN_NON_LITERAL_NULL_CONVERSION = YES;
				CLANG_WARN_OBJC_IMPLICIT_RETAIN_SELF = YES;
				CLANG_WARN_OBJC_LITERAL_CONVERSION = YES;
				CLANG_WARN_OBJC_ROOT_CLASS = YES_ERROR;
				CLANG_WARN_QUOTED_INCLUDE_IN_FRAMEWORK_HEADER = YES;
				CLANG_WARN_RANGE_LOOP_ANALYSIS = YES;
				CLANG_WARN_STRICT_PROTOTYPES = YES;
				CLANG_WARN_SUSPICIOUS_MOVE = YES;
				CLANG_WARN_UNGUARDED_AVAILABILITY = YES_AGGRESSIVE;
				CLANG_WARN_UNREACHABLE_CODE = YES;
				CLANG_WARN__DUPLICATE_METHOD_MATCH = YES;
				COPY_PHASE_STRIP = NO;
				DEBUG_INFORMATION_FORMAT = dwarf;
				ENABLE_STRICT_OBJC_MSGSEND = YES;
				ENABLE_TESTABILITY = YES;
				GCC_C_LANGUAGE_STANDARD = gnu11;
				GCC_DYNAMIC_NO_PIC = NO;
				GCC_NO_COMMON_BLOCKS = YES;
				GCC_OPTIMIZATION_LEVEL = 0;
				GCC_PREPROCESSOR_DEFINITIONS = (
					"DEBUG=1",
					"$(inherited)",
				);
				GCC_WARN_64_TO_32_BIT_CONVERSION = YES;
				GCC_WARN_ABOUT_RETURN_TYPE = YES_ERROR;
				GCC_WARN_UNDECLARED_SELECTOR = YES;
				GCC_WARN_UNINITIALIZED_AUTOS = YES_AGGRESSIVE;
				GCC_WARN_UNUSED_FUNCTION = YES;
				GCC_WARN_UNUSED_VARIABLE = YES;
				IPHONEOS_DEPLOYMENT_TARGET = 15.2;
				MTL_ENABLE_DEBUG_INFO = INCLUDE_SOURCE;
				MTL_FAST_MATH = YES;
				ONLY_ACTIVE_ARCH = YES;
				SDKROOT = iphoneos;
				SWIFT_ACTIVE_COMPILATION_CONDITIONS = DEBUG;
				SWIFT_OPTIMIZATION_LEVEL = "-Onone";
			};
			name = Debug;
		};
		4177436227C97D1200176528 /* Release */ = {
			isa = XCBuildConfiguration;
			buildSettings = {
				ALWAYS_SEARCH_USER_PATHS = NO;
				CLANG_ANALYZER_NONNULL = YES;
				CLANG_ANALYZER_NUMBER_OBJECT_CONVERSION = YES_AGGRESSIVE;
				CLANG_CXX_LANGUAGE_STANDARD = "gnu++17";
				CLANG_CXX_LIBRARY = "libc++";
				CLANG_ENABLE_MODULES = YES;
				CLANG_ENABLE_OBJC_ARC = YES;
				CLANG_ENABLE_OBJC_WEAK = YES;
				CLANG_WARN_BLOCK_CAPTURE_AUTORELEASING = YES;
				CLANG_WARN_BOOL_CONVERSION = YES;
				CLANG_WARN_COMMA = YES;
				CLANG_WARN_CONSTANT_CONVERSION = YES;
				CLANG_WARN_DEPRECATED_OBJC_IMPLEMENTATIONS = YES;
				CLANG_WARN_DIRECT_OBJC_ISA_USAGE = YES_ERROR;
				CLANG_WARN_DOCUMENTATION_COMMENTS = YES;
				CLANG_WARN_EMPTY_BODY = YES;
				CLANG_WARN_ENUM_CONVERSION = YES;
				CLANG_WARN_INFINITE_RECURSION = YES;
				CLANG_WARN_INT_CONVERSION = YES;
				CLANG_WARN_NON_LITERAL_NULL_CONVERSION = YES;
				CLANG_WARN_OBJC_IMPLICIT_RETAIN_SELF = YES;
				CLANG_WARN_OBJC_LITERAL_CONVERSION = YES;
				CLANG_WARN_OBJC_ROOT_CLASS = YES_ERROR;
				CLANG_WARN_QUOTED_INCLUDE_IN_FRAMEWORK_HEADER = YES;
				CLANG_WARN_RANGE_LOOP_ANALYSIS = YES;
				CLANG_WARN_STRICT_PROTOTYPES = YES;
				CLANG_WARN_SUSPICIOUS_MOVE = YES;
				CLANG_WARN_UNGUARDED_AVAILABILITY = YES_AGGRESSIVE;
				CLANG_WARN_UNREACHABLE_CODE = YES;
				CLANG_WARN__DUPLICATE_METHOD_MATCH = YES;
				COPY_PHASE_STRIP = NO;
				DEBUG_INFORMATION_FORMAT = "dwarf-with-dsym";
				ENABLE_NS_ASSERTIONS = NO;
				ENABLE_STRICT_OBJC_MSGSEND = YES;
				GCC_C_LANGUAGE_STANDARD = gnu11;
				GCC_NO_COMMON_BLOCKS = YES;
				GCC_WARN_64_TO_32_BIT_CONVERSION = YES;
				GCC_WARN_ABOUT_RETURN_TYPE = YES_ERROR;
				GCC_WARN_UNDECLARED_SELECTOR = YES;
				GCC_WARN_UNINITIALIZED_AUTOS = YES_AGGRESSIVE;
				GCC_WARN_UNUSED_FUNCTION = YES;
				GCC_WARN_UNUSED_VARIABLE = YES;
				IPHONEOS_DEPLOYMENT_TARGET = 15.2;
				MTL_ENABLE_DEBUG_INFO = NO;
				MTL_FAST_MATH = YES;
				SDKROOT = iphoneos;
				SWIFT_COMPILATION_MODE = wholemodule;
				SWIFT_OPTIMIZATION_LEVEL = "-O";
				VALIDATE_PRODUCT = YES;
			};
			name = Release;
		};
		4177436427C97D1200176528 /* Debug */ = {
			isa = XCBuildConfiguration;
			baseConfigurationReference = 9BDBFFA865D4C418B9B64198 /* Pods-Flixter-Swift.debug.xcconfig */;
			buildSettings = {
				ASSETCATALOG_COMPILER_APPICON_NAME = AppIcon;
				ASSETCATALOG_COMPILER_GLOBAL_ACCENT_COLOR_NAME = AccentColor;
				CODE_SIGN_STYLE = Automatic;
				CURRENT_PROJECT_VERSION = 1;
				DEVELOPMENT_TEAM = 7BXDL99X8W;
				GENERATE_INFOPLIST_FILE = YES;
				INFOPLIST_FILE = "Flixter-Swift/Info.plist";
				INFOPLIST_KEY_UIApplicationSupportsIndirectInputEvents = YES;
				INFOPLIST_KEY_UILaunchStoryboardName = LaunchScreen;
				INFOPLIST_KEY_UIMainStoryboardFile = Main;
				INFOPLIST_KEY_UISupportedInterfaceOrientations_iPad = "UIInterfaceOrientationPortrait UIInterfaceOrientationPortraitUpsideDown UIInterfaceOrientationLandscapeLeft UIInterfaceOrientationLandscapeRight";
				INFOPLIST_KEY_UISupportedInterfaceOrientations_iPhone = "UIInterfaceOrientationPortrait UIInterfaceOrientationLandscapeLeft UIInterfaceOrientationLandscapeRight";
				LD_RUNPATH_SEARCH_PATHS = (
					"$(inherited)",
					"@executable_path/Frameworks",
				);
				MARKETING_VERSION = 1.0;
				PRODUCT_BUNDLE_IDENTIFIER = "com.brianib2.Flixter-Swift";
				PRODUCT_NAME = "$(TARGET_NAME)";
				SWIFT_EMIT_LOC_STRINGS = YES;
				SWIFT_VERSION = 5.0;
				TARGETED_DEVICE_FAMILY = "1,2";
			};
			name = Debug;
		};
		4177436527C97D1200176528 /* Release */ = {
			isa = XCBuildConfiguration;
			baseConfigurationReference = 679F7C671645B0345B87AD72 /* Pods-Flixter-Swift.release.xcconfig */;
			buildSettings = {
				ASSETCATALOG_COMPILER_APPICON_NAME = AppIcon;
				ASSETCATALOG_COMPILER_GLOBAL_ACCENT_COLOR_NAME = AccentColor;
				CODE_SIGN_STYLE = Automatic;
				CURRENT_PROJECT_VERSION = 1;
				DEVELOPMENT_TEAM = 7BXDL99X8W;
				GENERATE_INFOPLIST_FILE = YES;
				INFOPLIST_FILE = "Flixter-Swift/Info.plist";
				INFOPLIST_KEY_UIApplicationSupportsIndirectInputEvents = YES;
				INFOPLIST_KEY_UILaunchStoryboardName = LaunchScreen;
				INFOPLIST_KEY_UIMainStoryboardFile = Main;
				INFOPLIST_KEY_UISupportedInterfaceOrientations_iPad = "UIInterfaceOrientationPortrait UIInterfaceOrientationPortraitUpsideDown UIInterfaceOrientationLandscapeLeft UIInterfaceOrientationLandscapeRight";
				INFOPLIST_KEY_UISupportedInterfaceOrientations_iPhone = "UIInterfaceOrientationPortrait UIInterfaceOrientationLandscapeLeft UIInterfaceOrientationLandscapeRight";
				LD_RUNPATH_SEARCH_PATHS = (
					"$(inherited)",
					"@executable_path/Frameworks",
				);
				MARKETING_VERSION = 1.0;
				PRODUCT_BUNDLE_IDENTIFIER = "com.brianib2.Flixter-Swift";
				PRODUCT_NAME = "$(TARGET_NAME)";
				SWIFT_EMIT_LOC_STRINGS = YES;
				SWIFT_VERSION = 5.0;
				TARGETED_DEVICE_FAMILY = "1,2";
			};
			name = Release;
		};
/* End XCBuildConfiguration section */

/* Begin XCConfigurationList section */
		4177434A27C97D0F00176528 /* Build configuration list for PBXProject "Flixter-Swift" */ = {
			isa = XCConfigurationList;
			buildConfigurations = (
				4177436127C97D1200176528 /* Debug */,
				4177436227C97D1200176528 /* Release */,
			);
			defaultConfigurationIsVisible = 0;
			defaultConfigurationName = Release;
		};
		4177436327C97D1200176528 /* Build configuration list for PBXNativeTarget "Flixter-Swift" */ = {
			isa = XCConfigurationList;
			buildConfigurations = (
				4177436427C97D1200176528 /* Debug */,
				4177436527C97D1200176528 /* Release */,
			);
			defaultConfigurationIsVisible = 0;
			defaultConfigurationName = Release;
		};
/* End XCConfigurationList section */

/* Begin XCRemoteSwiftPackageReference section */
		41003FB827D2D40400CC70FB /* XCRemoteSwiftPackageReference "AlamofireImage" */ = {
			isa = XCRemoteSwiftPackageReference;
			repositoryURL = "https://github.com/Alamofire/AlamofireImage";
			requirement = {
				branch = master;
				kind = branch;
			};
		};
/* End XCRemoteSwiftPackageReference section */

/* Begin XCSwiftPackageProductDependency section */
		41003FB927D2D40400CC70FB /* AlamofireImage */ = {
			isa = XCSwiftPackageProductDependency;
			package = 41003FB827D2D40400CC70FB /* XCRemoteSwiftPackageReference "AlamofireImage" */;
			productName = AlamofireImage;
		};
/* End XCSwiftPackageProductDependency section */
	};
	rootObject = 4177434727C97D0F00176528 /* Project object */;
}
